
Microsoft Visual Studio Solution File, Format Version 12.00
# Visual Studio Version 16
VisualStudioVersion = 16.0.31624.102
MinimumVisualStudioVersion = 10.0.40219.1
Project("{8BC9CEB8-8B4A-11D0-8D11-00A0C91BC942}") = "Lab3-S", "Lab3-S\Lab3-S.vcxproj", "{0A475649-52BB-47D6-B4F0-4D79F8CA5A17}"
EndProject
Global
	GlobalSection(SolutionConfigurationPlatforms) = preSolution
		Debug|x64 = Debug|x64
		Debug|x86 = Debug|x86
		Release|x64 = Release|x64
		Release|x86 = Release|x86
	EndGlobalSection
	GlobalSection(ProjectConfigurationPlatforms) = postSolution
		{0A475649-52BB-47D6-B4F0-4D79F8CA5A17}.Debug|x64.ActiveCfg = Debug|x64
		{0A475649-52BB-47D6-B4F0-4D79F8CA5A17}.Debug|x64.Build.0 = Debug|x64
		{0A475649-52BB-47D6-B4F0-4D79F8CA5A17}.Debug|x86.ActiveCfg = Debug|Win32
		{0A475649-52BB-47D6-B4F0-4D79F8CA5A17}.Debug|x86.Build.0 = Debug|Win32
		{0A475649-52BB-47D6-B4F0-4D79F8CA5A17}.Release|x64.ActiveCfg = Release|x64
		{0A475649-52BB-47D6-B4F0-4D79F8CA5A17}.Release|x64.Build.0 = Release|x64
		{0A475649-52BB-47D6-B4F0-4D79F8CA5A17}.Release|x86.ActiveCfg = Release|Win32
		{0A475649-52BB-47D6-B4F0-4D79F8CA5A17}.Release|x86.Build.0 = Release|Win32
	EndGlobalSection
	GlobalSection(SolutionProperties) = preSolution
		HideSolutionNode = FALSE
	EndGlobalSection
	GlobalSection(ExtensibilityGlobals) = postSolution
		SolutionGuid = {BDD45F1B-FD91-41AB-A93B-9F9D8FA58452}
	EndGlobalSection
EndGlobal
